{
  "name": "@smile-digital-health/sample-content-ig-npm",
  "version": "0.1.0",
  "lockfileVersion": 3,
  "requires": true,
  "packages": {
    "": {
      "name": "@smile-digital-health/sample-content-ig-npm",
      "version": "0.1.0",
      "license": "UNLICENSED",
      "dependencies": {
        "hl7.fhir.core": "^4.0.1"
      },
      "devDependencies": {
        "@smile-digital-health/cqf-tooling": "3.4.0-1",
        "@types/fhir": "0.0.41",
        "@types/node": "^20.14.9",
        "bun": "~1.1.17"
      }
    },
    "node_modules/@oven/bun-darwin-aarch64": {
      "version": "1.1.17",
      "resolved": "https://www.myget.org/F/fhir-ig-public/npm/@oven/bun-darwin-aarch64/-/@oven/bun-darwin-aarch64-1.1.17.tgz",
      "integrity": "sha1-sYHuM1AFg79hZeXWpMGnsK6XRQI=",
      "cpu": [
        "arm64"
      ],
      "dev": true,
      "optional": true,
      "os": [
        "darwin"
      ]
    },
    "node_modules/@oven/bun-darwin-x64": {
      "version": "1.1.17",
      "resolved": "https://www.myget.org/F/fhir-ig-public/npm/@oven/bun-darwin-x64/-/@oven/bun-darwin-x64-1.1.17.tgz",
      "integrity": "sha1-gKKiKENXSi+W1DIu/57GaMvQ20I=",
      "cpu": [
        "x64"
      ],
      "dev": true,
      "optional": true,
      "os": [
        "darwin"
      ]
    },
    "node_modules/@oven/bun-darwin-x64-baseline": {
      "version": "1.1.17",
      "resolved": "https://www.myget.org/F/fhir-ig-public/npm/@oven/bun-darwin-x64-baseline/-/@oven/bun-darwin-x64-baseline-1.1.17.tgz",
      "integrity": "sha1-PCCQ7G4rmBTi4YQ3rpVMXgImBvw=",
      "cpu": [
        "x64"
      ],
      "dev": true,
      "optional": true,
      "os": [
        "darwin"
      ]
    },
    "node_modules/@oven/bun-linux-aarch64": {
      "version": "1.1.17",
      "resolved": "https://www.myget.org/F/fhir-ig-public/npm/@oven/bun-linux-aarch64/-/@oven/bun-linux-aarch64-1.1.17.tgz",
      "integrity": "sha1-ZEXVGwmEVOxhp6HBRvwUzSouUMQ=",
      "cpu": [
        "arm64"
      ],
      "dev": true,
      "optional": true,
      "os": [
        "linux"
      ]
    },
    "node_modules/@oven/bun-linux-x64": {
      "version": "1.1.17",
      "resolved": "https://www.myget.org/F/fhir-ig-public/npm/@oven/bun-linux-x64/-/@oven/bun-linux-x64-1.1.17.tgz",
      "integrity": "sha1-yLOqn5oSiUvUwJRuudIJdzCpVio=",
      "cpu": [
        "x64"
      ],
      "dev": true,
      "optional": true,
      "os": [
        "linux"
      ]
    },
    "node_modules/@oven/bun-linux-x64-baseline": {
      "version": "1.1.17",
      "resolved": "https://www.myget.org/F/fhir-ig-public/npm/@oven/bun-linux-x64-baseline/-/@oven/bun-linux-x64-baseline-1.1.17.tgz",
      "integrity": "sha1-1dm3svZLsIGXtniy1558nk50MbY=",
      "cpu": [
        "x64"
      ],
      "dev": true,
      "optional": true,
      "os": [
        "linux"
      ]
    },
    "node_modules/@oven/bun-windows-x64": {
      "version": "1.1.17",
      "resolved": "https://www.myget.org/F/fhir-ig-public/npm/@oven/bun-windows-x64/-/@oven/bun-windows-x64-1.1.17.tgz",
      "integrity": "sha1-55QbEJVgSgRi8LBJC3QQ6u5pbY4=",
      "cpu": [
        "x64"
      ],
      "dev": true,
      "optional": true,
      "os": [
        "win32"
      ]
    },
    "node_modules/@oven/bun-windows-x64-baseline": {
      "version": "1.1.17",
      "resolved": "https://www.myget.org/F/fhir-ig-public/npm/@oven/bun-windows-x64-baseline/-/@oven/bun-windows-x64-baseline-1.1.17.tgz",
      "integrity": "sha1-XLK6IKltTyIip/yuAFxiVzR6nYA=",
      "cpu": [
        "x64"
      ],
      "dev": true,
      "optional": true,
      "os": [
        "win32"
      ]
    },
    "node_modules/@smile-digital-health/cqf-tooling": {
      "version": "3.4.0-1",
      "resolved": "https://www.myget.org/F/fhir-ig-public/npm/@smile-digital-health/cqf-tooling/-/@smile-digital-health/cqf-tooling-3.4.0-1.tgz",
      "integrity": "sha1-TTKQKXxfDnlAe1n3PZwD71I/NXw=",
      "dev": true,
      "dependencies": {
        "command-exists-promise": "^2.0.2",
        "node-fetch": "2.6.7",
        "shelljs": "^0.8.4",
        "tar": "^4.4.8",
        "yauzl": "^2.10.0"
      },
      "bin": {
        "cqf-tooling": "jdeploy-bundle/jdeploy.js"
      }
    },
    "node_modules/@types/fhir": {
      "version": "0.0.41",
      "resolved": "https://www.myget.org/F/fhir-ig-public/npm/@types/fhir/-/@types/fhir-0.0.41.tgz",
      "integrity": "sha1-xSFeL9pG1pQRHN024S/YEko/EtY=",
      "dev": true
    },
    "node_modules/@types/node": {
      "version": "20.14.9",
      "resolved": "https://www.myget.org/F/fhir-ig-public/npm/@types/node/-/@types/node-20.14.9.tgz",
      "integrity": "sha1-EujnZasn+MQhoYIMmfXzE6kztCA=",
      "dev": true,
      "dependencies": {
        "undici-types": "~5.26.4"
      }
    },
    "node_modules/balanced-match": {
      "version": "1.0.2",
      "resolved": "https://www.myget.org/F/fhir-ig-public/npm/balanced-match/-/balanced-match-1.0.2.tgz",
      "integrity": "sha1-6D46fj8wCzTLnYf2FfoMvzV2kO4=",
      "dev": true
    },
    "node_modules/brace-expansion": {
      "version": "1.1.11",
      "resolved": "https://www.myget.org/F/fhir-ig-public/npm/brace-expansion/-/brace-expansion-1.1.11.tgz",
      "integrity": "sha1-PH/L9SnYcibz0vUrlm/1Jx60Qd0=",
      "dev": true,
      "dependencies": {
        "balanced-match": "^1.0.0",
        "concat-map": "0.0.1"
      }
    },
    "node_modules/buffer-crc32": {
      "version": "0.2.13",
      "resolved": "https://www.myget.org/F/fhir-ig-public/npm/buffer-crc32/-/buffer-crc32-0.2.13.tgz",
      "integrity": "sha1-DTM+PwDqxQqhRUq9MO+MKl2ackI=",
      "dev": true,
      "engines": {
        "node": "*"
      }
    },
    "node_modules/bun": {
      "version": "1.1.17",
      "resolved": "https://www.myget.org/F/fhir-ig-public/npm/bun/-/bun-1.1.17.tgz",
      "integrity": "sha1-msTUzLpEwmKKjLhq1/DLgH4xG50=",
      "cpu": [
        "arm64",
        "x64"
      ],
      "dev": true,
      "hasInstallScript": true,
      "os": [
        "darwin",
        "linux",
        "win32"
      ],
      "bin": {
        "bun": "bin/bun.exe",
        "bunx": "bin/bun.exe"
      },
      "optionalDependencies": {
        "@oven/bun-darwin-aarch64": "1.1.17",
        "@oven/bun-darwin-x64": "1.1.17",
        "@oven/bun-darwin-x64-baseline": "1.1.17",
        "@oven/bun-linux-aarch64": "1.1.17",
        "@oven/bun-linux-x64": "1.1.17",
        "@oven/bun-linux-x64-baseline": "1.1.17",
        "@oven/bun-windows-x64": "1.1.17",
        "@oven/bun-windows-x64-baseline": "1.1.17"
      }
    },
    "node_modules/chownr": {
      "version": "1.1.4",
      "resolved": "https://www.myget.org/F/fhir-ig-public/npm/chownr/-/chownr-1.1.4.tgz",
      "integrity": "sha1-b8nXtC0ypYNZYzdmbn0ICE2izGs=",
      "dev": true
    },
    "node_modules/command-exists-promise": {
      "version": "2.0.2",
      "resolved": "https://www.myget.org/F/fhir-ig-public/npm/command-exists-promise/-/command-exists-promise-2.0.2.tgz",
      "integrity": "sha1-e+7MSyGCmfPGH6aaQEeqCzamSpk=",
      "dev": true,
      "engines": {
        "node": ">=6"
      }
    },
    "node_modules/concat-map": {
      "version": "0.0.1",
      "resolved": "https://www.myget.org/F/fhir-ig-public/npm/concat-map/-/concat-map-0.0.1.tgz",
      "integrity": "sha1-2Klr13/Wjfd5OnMDajug1UBdR3s=",
      "dev": true
    },
    "node_modules/fd-slicer": {
      "version": "1.1.0",
      "resolved": "https://www.myget.org/F/fhir-ig-public/npm/fd-slicer/-/fd-slicer-1.1.0.tgz",
      "integrity": "sha1-JcfInLH5B3+IkbvmHY85Dq4lbx4=",
      "dev": true,
      "dependencies": {
        "pend": "~1.2.0"
      }
    },
    "node_modules/fs-minipass": {
      "version": "1.2.7",
      "resolved": "https://www.myget.org/F/fhir-ig-public/npm/fs-minipass/-/fs-minipass-1.2.7.tgz",
      "integrity": "sha1-zP+FcIQef+QmVpPaiJNsVa7X98c=",
      "dev": true,
      "dependencies": {
        "minipass": "^2.6.0"
      }
    },
    "node_modules/fs.realpath": {
      "version": "1.0.0",
      "resolved": "https://www.myget.org/F/fhir-ig-public/npm/fs.realpath/-/fs.realpath-1.0.0.tgz",
      "integrity": "sha1-FQStJSMVjKpA20onh8sBQRmU6k8=",
      "dev": true
    },
    "node_modules/function-bind": {
      "version": "1.1.2",
      "resolved": "https://www.myget.org/F/fhir-ig-public/npm/function-bind/-/function-bind-1.1.2.tgz",
      "integrity": "sha1-LALYZNl/PqbIgwxGTL0Rq26rehw=",
      "dev": true,
      "funding": {
        "url": "https://github.com/sponsors/ljharb"
      }
    },
    "node_modules/glob": {
      "version": "7.2.3",
      "resolved": "https://www.myget.org/F/fhir-ig-public/npm/glob/-/glob-7.2.3.tgz",
      "integrity": "sha1-uN8PuAK7+o6JvR2Ti04WV47UTys=",
      "dev": true,
      "dependencies": {
        "fs.realpath": "^1.0.0",
        "inflight": "^1.0.4",
        "inherits": "2",
        "minimatch": "^3.1.1",
        "once": "^1.3.0",
        "path-is-absolute": "^1.0.0"
      },
      "engines": {
        "node": "*"
      },
      "funding": {
        "url": "https://github.com/sponsors/isaacs"
      }
    },
    "node_modules/hasown": {
      "version": "2.0.2",
      "resolved": "https://www.myget.org/F/fhir-ig-public/npm/hasown/-/hasown-2.0.2.tgz",
      "integrity": "sha1-AD6vkb563DcuhOxZ3DclLO24AAM=",
      "dev": true,
      "dependencies": {
        "function-bind": "^1.1.2"
      },
      "engines": {
        "node": ">= 0.4"
      }
    },
    "node_modules/hl7.fhir.core": {
      "version": "4.3.0",
      "resolved": "https://www.myget.org/F/fhir-ig-public/npm/hl7.fhir.core/-/hl7.fhir.core-4.3.0.tgz",
      "integrity": "sha1-0WOanWKPWN0XJrG977EVjtAf1W4=",
      "dependencies": {
        "hl7.fhir.r4b.core": "4.3.0",
        "hl7.fhir.r4b.elements": "4.3.0",
        "hl7.fhir.r4b.examples": "4.3.0",
        "hl7.fhir.r4b.expansions": "4.3.0"
      }
    },
    "node_modules/hl7.fhir.r4b.core": {
      "version": "4.3.0",
      "resolved": "https://www.myget.org/F/fhir-ig-public/npm/hl7.fhir.r4b.core/-/hl7.fhir.r4b.core-4.3.0.tgz",
      "integrity": "sha1-d5WpyBGx6ONOsRC7ODVUM9LIuIw="
    },
    "node_modules/hl7.fhir.r4b.elements": {
      "version": "4.3.0",
      "resolved": "https://www.myget.org/F/fhir-ig-public/npm/hl7.fhir.r4b.elements/-/hl7.fhir.r4b.elements-4.3.0.tgz",
      "integrity": "sha1-xD7sS6ifKxy7QCeGWrUGgpd5lcI="
    },
    "node_modules/hl7.fhir.r4b.examples": {
      "version": "4.3.0",
      "resolved": "https://www.myget.org/F/fhir-ig-public/npm/hl7.fhir.r4b.examples/-/hl7.fhir.r4b.examples-4.3.0.tgz",
      "integrity": "sha1-7lig7hOoKUTZsZAqM7Y3bpx6p+Y="
    },
    "node_modules/hl7.fhir.r4b.expansions": {
      "version": "4.3.0",
      "resolved": "https://www.myget.org/F/fhir-ig-public/npm/hl7.fhir.r4b.expansions/-/hl7.fhir.r4b.expansions-4.3.0.tgz",
      "integrity": "sha1-Ay8HLxyXV6w9Qqj7sDYq2WxzgOI="
    },
    "node_modules/inflight": {
      "version": "1.0.6",
      "resolved": "https://www.myget.org/F/fhir-ig-public/npm/inflight/-/inflight-1.0.6.tgz",
      "integrity": "sha1-Sb1jMdfQLQwJvJEKEHW6gWW1bfk=",
      "dev": true,
      "dependencies": {
        "once": "^1.3.0",
        "wrappy": "1"
      }
    },
    "node_modules/inherits": {
      "version": "2.0.4",
      "resolved": "https://www.myget.org/F/fhir-ig-public/npm/inherits/-/inherits-2.0.4.tgz",
      "integrity": "sha1-D6LGT5MpF8NDOg3tVTY6rjdBa3w=",
      "dev": true
    },
    "node_modules/interpret": {
      "version": "1.4.0",
      "resolved": "https://www.myget.org/F/fhir-ig-public/npm/interpret/-/interpret-1.4.0.tgz",
      "integrity": "sha1-Zlq4vE2iendKQFhOgS4+D6RbGh4=",
      "dev": true,
      "engines": {
        "node": ">= 0.10"
      }
    },
    "node_modules/is-core-module": {
      "version": "2.14.0",
      "resolved": "https://www.myget.org/F/fhir-ig-public/npm/is-core-module/-/is-core-module-2.14.0.tgz",
      "integrity": "sha1-Q7jvn0amoIiI22ex/9Tsnj39WdE=",
      "dev": true,
      "dependencies": {
        "hasown": "^2.0.2"
      },
      "engines": {
        "node": ">= 0.4"
      },
      "funding": {
        "url": "https://github.com/sponsors/ljharb"
      }
    },
    "node_modules/minimatch": {
      "version": "3.1.2",
      "resolved": "https://www.myget.org/F/fhir-ig-public/npm/minimatch/-/minimatch-3.1.2.tgz",
      "integrity": "sha1-Gc0ZS/0+Qo8EmnCBfAONiatL41s=",
      "dev": true,
      "dependencies": {
        "brace-expansion": "^1.1.7"
      },
      "engines": {
        "node": "*"
      }
    },
    "node_modules/minimist": {
      "version": "1.2.8",
      "resolved": "https://www.myget.org/F/fhir-ig-public/npm/minimist/-/minimist-1.2.8.tgz",
      "integrity": "sha1-waRk52kzAuCCoHXO4MBXdBrEdyw=",
      "dev": true,
      "funding": {
        "url": "https://github.com/sponsors/ljharb"
      }
    },
    "node_modules/minipass": {
      "version": "2.9.0",
      "resolved": "https://www.myget.org/F/fhir-ig-public/npm/minipass/-/minipass-2.9.0.tgz",
      "integrity": "sha1-5xN2Ln0+Mv7YAxFc+T4EvKn8yaY=",
      "dev": true,
      "dependencies": {
        "safe-buffer": "^5.1.2",
        "yallist": "^3.0.0"
      }
    },
    "node_modules/minizlib": {
      "version": "1.3.3",
      "resolved": "https://www.myget.org/F/fhir-ig-public/npm/minizlib/-/minizlib-1.3.3.tgz",
      "integrity": "sha1-IpDeloGKNMKVUcio0wEha9Zahh0=",
      "dev": true,
      "dependencies": {
        "minipass": "^2.9.0"
      }
    },
    "node_modules/mkdirp": {
      "version": "0.5.6",
      "resolved": "https://www.myget.org/F/fhir-ig-public/npm/mkdirp/-/mkdirp-0.5.6.tgz",
      "integrity": "sha1-fe8D0kMtyuS6HWEURcSDlgYiVfY=",
      "dev": true,
      "dependencies": {
        "minimist": "^1.2.6"
      },
      "bin": {
        "mkdirp": "bin/cmd.js"
      }
    },
    "node_modules/node-fetch": {
      "version": "2.6.7",
      "resolved": "https://www.myget.org/F/fhir-ig-public/npm/node-fetch/-/node-fetch-2.6.7.tgz",
      "integrity": "sha1-JN6fuoJ+O0rkTciyAlajeRYAUq0=",
      "dev": true,
      "dependencies": {
        "whatwg-url": "^5.0.0"
      },
      "engines": {
        "node": "4.x || >=6.0.0"
      },
      "peerDependencies": {
        "encoding": "^0.1.0"
      },
      "peerDependenciesMeta": {
        "encoding": {
          "optional": true
        }
      }
    },
    "node_modules/once": {
      "version": "1.4.0",
      "resolved": "https://www.myget.org/F/fhir-ig-public/npm/once/-/once-1.4.0.tgz",
      "integrity": "sha1-WDsap3WWHUsROsF9nFC6753Xa9E=",
      "dev": true,
      "dependencies": {
        "wrappy": "1"
      }
    },
    "node_modules/path-is-absolute": {
      "version": "1.0.1",
      "resolved": "https://www.myget.org/F/fhir-ig-public/npm/path-is-absolute/-/path-is-absolute-1.0.1.tgz",
      "integrity": "sha1-F0uSaHNVNP+8es5r9TpanhtcX18=",
      "dev": true,
      "engines": {
        "node": ">=0.10.0"
      }
    },
    "node_modules/path-parse": {
      "version": "1.0.7",
      "resolved": "https://www.myget.org/F/fhir-ig-public/npm/path-parse/-/path-parse-1.0.7.tgz",
      "integrity": "sha1-+8EUtgykKzDZ2vWFjkvWi77bZzU=",
      "dev": true
    },
    "node_modules/pend": {
      "version": "1.2.0",
      "resolved": "https://www.myget.org/F/fhir-ig-public/npm/pend/-/pend-1.2.0.tgz",
      "integrity": "sha1-elfrVQpng/kRUzH89GY9XI4AelA=",
      "dev": true
    },
    "node_modules/rechoir": {
      "version": "0.6.2",
      "resolved": "https://www.myget.org/F/fhir-ig-public/npm/rechoir/-/rechoir-0.6.2.tgz",
      "integrity": "sha1-hSBLVNuoLVdC4oyWdW70OvUOM4Q=",
      "dev": true,
      "dependencies": {
        "resolve": "^1.1.6"
      },
      "engines": {
        "node": ">= 0.10"
      }
    },
    "node_modules/resolve": {
      "version": "1.22.8",
      "resolved": "https://www.myget.org/F/fhir-ig-public/npm/resolve/-/resolve-1.22.8.tgz",
      "integrity": "sha1-tsh6nyqgbfq1Lj1wrIzeMh+lpI0=",
      "dev": true,
      "dependencies": {
        "is-core-module": "^2.13.0",
        "path-parse": "^1.0.7",
        "supports-preserve-symlinks-flag": "^1.0.0"
      },
      "bin": {
        "resolve": "bin/resolve"
      },
      "funding": {
        "url": "https://github.com/sponsors/ljharb"
      }
    },
    "node_modules/safe-buffer": {
      "version": "5.2.1",
      "resolved": "https://www.myget.org/F/fhir-ig-public/npm/safe-buffer/-/safe-buffer-5.2.1.tgz",
      "integrity": "sha1-Hq+fqb2x/dTsdfWPnNtOa3gn7sY=",
      "dev": true,
      "funding": [
        {
          "type": "github",
          "url": "https://github.com/sponsors/feross"
        },
        {
          "type": "patreon",
          "url": "https://www.patreon.com/feross"
        },
        {
          "type": "consulting",
          "url": "https://feross.org/support"
        }
      ]
    },
    "node_modules/shelljs": {
      "version": "0.8.5",
      "resolved": "https://www.myget.org/F/fhir-ig-public/npm/shelljs/-/shelljs-0.8.5.tgz",
      "integrity": "sha1-3gVUCNg2G+1mxmnS8ABTjO2O4gw=",
      "dev": true,
      "dependencies": {
        "glob": "^7.0.0",
        "interpret": "^1.0.0",
        "rechoir": "^0.6.2"
      },
      "bin": {
        "shjs": "bin/shjs"
      },
      "engines": {
        "node": ">=4"
      }
    },
    "node_modules/supports-preserve-symlinks-flag": {
      "version": "1.0.0",
      "resolved": "https://www.myget.org/F/fhir-ig-public/npm/supports-preserve-symlinks-flag/-/supports-preserve-symlinks-flag-1.0.0.tgz",
      "integrity": "sha1-btpL00SjyUrqN21MwxvHcxEDngk=",
      "dev": true,
      "engines": {
        "node": ">= 0.4"
      },
      "funding": {
        "url": "https://github.com/sponsors/ljharb"
      }
    },
    "node_modules/tar": {
      "version": "4.4.19",
      "resolved": "https://www.myget.org/F/fhir-ig-public/npm/tar/-/tar-4.4.19.tgz",
      "integrity": "sha1-Lk1yY98m8rkU3uEMglqxMhI3QvM=",
      "dev": true,
      "dependencies": {
        "chownr": "^1.1.4",
        "fs-minipass": "^1.2.7",
        "minipass": "^2.9.0",
        "minizlib": "^1.3.3",
        "mkdirp": "^0.5.5",
        "safe-buffer": "^5.2.1",
        "yallist": "^3.1.1"
      },
      "engines": {
        "node": ">=4.5"
      }
    },
    "node_modules/tr46": {
      "version": "0.0.3",
      "resolved": "https://www.myget.org/F/fhir-ig-public/npm/tr46/-/tr46-0.0.3.tgz",
      "integrity": "sha1-gYT9NH2snNwYWZLzpmIuFLnZq2o=",
      "dev": true
    },
    "node_modules/undici-types": {
      "version": "5.26.5",
      "resolved": "https://www.myget.org/F/fhir-ig-public/npm/undici-types/-/undici-types-5.26.5.tgz",
      "integrity": "sha1-vNU5iT0AtW6WT9JlekhmsiGmVhc=",
      "dev": true
    },
    "node_modules/webidl-conversions": {
      "version": "3.0.1",
      "resolved": "https://www.myget.org/F/fhir-ig-public/npm/webidl-conversions/-/webidl-conversions-3.0.1.tgz",
      "integrity": "sha1-JFNCdeKnvGvnvIZhHMFq4KVlSHE=",
      "dev": true
    },
    "node_modules/whatwg-url": {
      "version": "5.0.0",
      "resolved": "https://www.myget.org/F/fhir-ig-public/npm/whatwg-url/-/whatwg-url-5.0.0.tgz",
      "integrity": "sha1-lmRU6HZUYuN2RNNib2dCzotwll0=",
      "dev": true,
      "dependencies": {
        "tr46": "~0.0.3",
        "webidl-conversions": "^3.0.0"
      }
    },
    "node_modules/wrappy": {
      "version": "1.0.2",
      "resolved": "https://www.myget.org/F/fhir-ig-public/npm/wrappy/-/wrappy-1.0.2.tgz",
      "integrity": "sha1-tSQ9jz7BqjXxNkYFvA0QNuMKtp8=",
      "dev": true
    },
    "node_modules/yallist": {
      "version": "3.1.1",
      "resolved": "https://www.myget.org/F/fhir-ig-public/npm/yallist/-/yallist-3.1.1.tgz",
      "integrity": "sha1-27fa+b/YusmrRev2ArjLrQ1dCP0=",
      "dev": true
    },
    "node_modules/yauzl": {
      "version": "2.10.0",
      "resolved": "https://www.myget.org/F/fhir-ig-public/npm/yauzl/-/yauzl-2.10.0.tgz",
      "integrity": "sha1-x+sXyT4RLLEIb6bY5R+wZnt5pfk=",
      "dev": true,
      "dependencies": {
        "buffer-crc32": "~0.2.3",
        "fd-slicer": "~1.1.0"
      }
    }
  }
}
